
Microsoft Visual Studio Solution File, Format Version 12.00
# Visual Studio Version 16
VisualStudioVersion = 16.0.31025.194
MinimumVisualStudioVersion = 10.0.40219.1
Project("{9A19103F-16F7-4668-BE54-9A1E7A4F7556}") = "BlazorServer", "BlazorServer\BlazorServer.csproj", "{A027F87B-C09E-4BD2-A85A-BB71DA12AF9A}"
EndProject
Project("{9A19103F-16F7-4668-BE54-9A1E7A4F7556}") = "DataLibrary", "DataLibrary\DataLibrary.csproj", "{6E727395-804F-43BD-933B-40FDE0940343}"
EndProject
Global
	GlobalSection(SolutionConfigurationPlatforms) = preSolution
		Debug|Any CPU = Debug|Any CPU
		Release|Any CPU = Release|Any CPU
	EndGlobalSection
	GlobalSection(ProjectConfigurationPlatforms) = postSolution
		{A027F87B-C09E-4BD2-A85A-BB71DA12AF9A}.Debug|Any CPU.ActiveCfg = Debug|Any CPU
		{A027F87B-C09E-4BD2-A85A-BB71DA12AF9A}.Debug|Any CPU.Build.0 = Debug|Any CPU
		{A027F87B-C09E-4BD2-A85A-BB71DA12AF9A}.Release|Any CPU.ActiveCfg = Release|Any CPU
		{A027F87B-C09E-4BD2-A85A-BB71DA12AF9A}.Release|Any CPU.Build.0 = Release|Any CPU
		{6E727395-804F-43BD-933B-40FDE0940343}.Debug|Any CPU.ActiveCfg = Debug|Any CPU
		{6E727395-804F-43BD-933B-40FDE0940343}.Debug|Any CPU.Build.0 = Debug|Any CPU
		{6E727395-804F-43BD-933B-40FDE0940343}.Release|Any CPU.ActiveCfg = Release|Any CPU
		{6E727395-804F-43BD-933B-40FDE0940343}.Release|Any CPU.Build.0 = Release|Any CPU
	EndGlobalSection
	GlobalSection(SolutionProperties) = preSolution
		HideSolutionNode = FALSE
	EndGlobalSection
	GlobalSection(ExtensibilityGlobals) = postSolution
		SolutionGuid = {B7FC7C9E-30AC-4F90-8F96-BB4E65977B59}
	EndGlobalSection
EndGlobal
